Microsoft Visual Studio Solution File, Format Version 12.00
# Visual Studio Version 17
VisualStudioVersion = 17.5.2.0
MinimumVisualStudioVersion = 10.0.40219.1
Project("{FAE04EC0-301F-11D3-BF4B-00C04F79EFBC}") = "gestion_lotes", "gestion_lotes.csproj", "{69786462-2D0C-C6BC-8D7F-3BE7116E694C}"
EndProject
Global
	GlobalSection(SolutionConfigurationPlatforms) = preSolution
		Debug|Any CPU = Debug|Any CPU
		Release|Any CPU = Release|Any CPU
	EndGlobalSection
	GlobalSection(ProjectConfigurationPlatforms) = postSolution
		{69786462-2D0C-C6BC-8D7F-3BE7116E694C}.Debug|Any CPU.ActiveCfg = Debug|Any CPU
		{69786462-2D0C-C6BC-8D7F-3BE7116E694C}.Debug|Any CPU.Build.0 = Debug|Any CPU
		{69786462-2D0C-C6BC-8D7F-3BE7116E694C}.Release|Any CPU.ActiveCfg = Release|Any CPU
		{69786462-2D0C-C6BC-8D7F-3BE7116E694C}.Release|Any CPU.Build.0 = Release|Any CPU
	EndGlobalSection
	GlobalSection(SolutionProperties) = preSolution
		HideSolutionNode = FALSE
	EndGlobalSection
	GlobalSection(ExtensibilityGlobals) = postSolution
		SolutionGuid = {A4795B1D-3358-411D-A6D3-E23DEB4708A6}
	EndGlobalSection
EndGlobal
